<?xml version="1.0" encoding="utf-8"?>
<Project ToolsVersion="4.0" xmlns="http://schemas.microsoft.com/developer/msbuild/2003">
  <ItemGroup>
    <Filter Include="Window">
      <UniqueIdentifier>{1d5fae6f-df09-4d2a-ac49-515844d533e0}</UniqueIdentifier>
    </Filter>
    <Filter Include="Window\Resource">
      <UniqueIdentifier>{4128f5c2-838b-4e16-9ae0-f12638310efe}</UniqueIdentifier>
    </Filter>
    <Filter Include="Window\Header">
      <UniqueIdentifier>{15b3ff5b-1ab3-49ee-9aaa-9cbd9c289f0e}</UniqueIdentifier>
    </Filter>
    <Filter Include="Engine">
      <UniqueIdentifier>{a5ccad99-8b17-4a5f-b272-a2a783450027}</UniqueIdentifier>
    </Filter>
    <Filter Include="Engine\Input">
      <UniqueIdentifier>{78fb0fc0-c864-497e-9635-2c38f05b8458}</UniqueIdentifier>
    </Filter>
    <Filter Include="Engine\Scene">
      <UniqueIdentifier>{8729c580-f09e-41cf-a6b0-ab67dbcaabfa}</UniqueIdentifier>
    </Filter>
    <Filter Include="Engine\Entity">
      <UniqueIdentifier>{dd6df946-c5e8-49b0-b014-6def96868c20}</UniqueIdentifier>
    </Filter>
    <Filter Include="Engine\Layer">
      <UniqueIdentifier>{1e03c53d-92c9-4d70-969a-7476937da996}</UniqueIdentifier>
    </Filter>
    <Filter Include="Engine\GameObject">
      <UniqueIdentifier>{77044daa-8511-4fdb-a5be-2c186167a234}</UniqueIdentifier>
    </Filter>
    <Filter Include="Engine\Component">
      <UniqueIdentifier>{71b8a121-4ea6-4c9e-8672-1dd38bd5c7be}</UniqueIdentifier>
    </Filter>
    <Filter Include="Engine\Component\Transform">
      <UniqueIdentifier>{d19343c2-bf88-49f6-94c0-257718ccec47}</UniqueIdentifier>
    </Filter>
    <Filter Include="Engine\Component\SpriteRenderer">
      <UniqueIdentifier>{11a00378-70fc-4e0a-b9f3-87fc154b6cb9}</UniqueIdentifier>
    </Filter>
    <Filter Include="Engine\Path">
      <UniqueIdentifier>{bd33a89a-57c6-49d4-9021-ccdd3f23c060}</UniqueIdentifier>
    </Filter>
    <Filter Include="Engine\SceneMgr">
      <UniqueIdentifier>{03562e1f-5875-4234-a7cb-7d0d3551a5cd}</UniqueIdentifier>
    </Filter>
    <Filter Include="Contents">
      <UniqueIdentifier>{caac201b-4f4b-48f6-8e79-5173c8766f7b}</UniqueIdentifier>
    </Filter>
    <Filter Include="Contents\Scene">
      <UniqueIdentifier>{4263561a-764f-4ee6-880e-d86afe702b29}</UniqueIdentifier>
    </Filter>
    <Filter Include="Contents\Scene\2.SelectScene">
      <UniqueIdentifier>{7d96f964-59a2-4c77-9b2f-a8c60941b9ec}</UniqueIdentifier>
    </Filter>
    <Filter Include="Contents\Scene\1.TitleScene">
      <UniqueIdentifier>{43a61920-42c1-41b3-81b7-c03411e47e05}</UniqueIdentifier>
    </Filter>
    <Filter Include="Contents\Scene\3.TownScene">
      <UniqueIdentifier>{7b302741-5e19-4937-8125-9b1bc60afa59}</UniqueIdentifier>
    </Filter>
    <Filter Include="Engine\Camera">
      <UniqueIdentifier>{36f68158-d0e5-40d2-a4f2-7ca343d91b52}</UniqueIdentifier>
    </Filter>
    <Filter Include="Engine\Component\Animator">
      <UniqueIdentifier>{4e086541-74f0-4fa0-a0b8-47a69c2a3b3f}</UniqueIdentifier>
    </Filter>
    <Filter Include="Engine\Component\Collider">
      <UniqueIdentifier>{f50f198d-1af4-4bbd-b81c-e2027f7f7846}</UniqueIdentifier>
    </Filter>
    <Filter Include="Engine\CollisionMgr">
      <UniqueIdentifier>{3b0d25d9-8d14-43a5-b5f0-e80485c7f49b}</UniqueIdentifier>
    </Filter>
    <Filter Include="Engine\Component\Rigidbody">
      <UniqueIdentifier>{1a4eae85-7755-4c15-bede-55d236936b37}</UniqueIdentifier>
    </Filter>
    <Filter Include="Engine\Resource">
      <UniqueIdentifier>{b0eaeb8f-81c3-4396-8226-2781fea3a463}</UniqueIdentifier>
    </Filter>
    <Filter Include="Engine\Resource\Image">
      <UniqueIdentifier>{c84e1d63-cbe5-4433-9c59-0b6900f5574e}</UniqueIdentifier>
    </Filter>
    <Filter Include="Engine\Resource\Sound">
      <UniqueIdentifier>{f1e22723-569f-4a11-b204-50646fe11600}</UniqueIdentifier>
    </Filter>
    <Filter Include="Engine\Resource\Animation">
      <UniqueIdentifier>{c8c458a9-a6c0-42dc-9030-182f4a26eeb0}</UniqueIdentifier>
    </Filter>
    <Filter Include="Engine\High Level Interface">
      <UniqueIdentifier>{6638c37b-5e9c-4c8c-b902-5d53dcec92ce}</UniqueIdentifier>
    </Filter>
    <Filter Include="Engine\Common">
      <UniqueIdentifier>{8b433587-28e5-4de9-830d-30968f6a23c9}</UniqueIdentifier>
    </Filter>
    <Filter Include="Engine\Common\Time">
      <UniqueIdentifier>{cfce122e-1e8f-4e4e-854f-cd3ded30d193}</UniqueIdentifier>
    </Filter>
    <Filter Include="Engine\SoundMgr">
      <UniqueIdentifier>{f7f6979c-cfe7-4441-bce2-405cb123fcad}</UniqueIdentifier>
    </Filter>
    <Filter Include="Contents\GameObject">
      <UniqueIdentifier>{4231ac59-7de2-4126-b0a4-68c4ec74de8f}</UniqueIdentifier>
    </Filter>
    <Filter Include="Contents\GameObject\Player">
      <UniqueIdentifier>{65243745-a050-46d3-b053-7f8a353a5ddb}</UniqueIdentifier>
    </Filter>
    <Filter Include="Contents\GameObject\BackGround">
      <UniqueIdentifier>{a2b23ba5-7e46-45fa-b8ed-b07601611866}</UniqueIdentifier>
    </Filter>
    <Filter Include="Contents\GameObject\Npc">
      <UniqueIdentifier>{f3f60cb8-43bb-4762-8784-6c90c25eda7e}</UniqueIdentifier>
    </Filter>
    <Filter Include="Contents\GameObject\Enemy">
      <UniqueIdentifier>{b8a96e5d-105c-4de6-a854-419e2fe77a81}</UniqueIdentifier>
    </Filter>
    <Filter Include="Contents\GameObject\Enemy\JailField">
      <UniqueIdentifier>{addafbe6-b1a1-4d0d-83ed-8a0c7498c3cd}</UniqueIdentifier>
    </Filter>
    <Filter Include="Contents\GameObject\Enemy\JailField\Normal">
      <UniqueIdentifier>{f39b3a9c-5629-4261-af10-a0ddcf69eab7}</UniqueIdentifier>
    </Filter>
    <Filter Include="Contents\GameObject\Enemy\JailField\Normal\Banshee">
      <UniqueIdentifier>{efa5b4e0-1656-4491-b1cc-f726df57663d}</UniqueIdentifier>
    </Filter>
    <Filter Include="Contents\GameObject\Enemy\JailField\Boss">
      <UniqueIdentifier>{e5b74477-4174-4cbd-bd44-8cba51d7a73b}</UniqueIdentifier>
    </Filter>
    <Filter Include="Contents\GameObject\UI">
      <UniqueIdentifier>{093d9fa3-0f53-4306-9240-4722e72b3148}</UniqueIdentifier>
    </Filter>
    <Filter Include="Contents\GameObject\UI\Button">
      <UniqueIdentifier>{4f2c5aed-b919-4868-aff9-e388bb4127a3}</UniqueIdentifier>
    </Filter>
    <Filter Include="Contents\GameObject\UI\Canvas">
      <UniqueIdentifier>{605c5194-19b3-4f08-959a-329a9f7d1303}</UniqueIdentifier>
    </Filter>
    <Filter Include="Contents\GameObject\Weapon">
      <UniqueIdentifier>{aa693560-79bf-4700-80e6-db551a0c8b3a}</UniqueIdentifier>
    </Filter>
    <Filter Include="Contents\GameObject\EnemyAttack">
      <UniqueIdentifier>{61f55932-fca6-4c69-8f3e-d986063bb221}</UniqueIdentifier>
    </Filter>
    <Filter Include="Contents\GameObject\EnemyAttack\Laser">
      <UniqueIdentifier>{7d313082-26e4-4159-8e39-27ea1c200dda}</UniqueIdentifier>
    </Filter>
    <Filter Include="Contents\GameObject\EnemyAttack\Bullet">
      <UniqueIdentifier>{88025965-f4a3-4aa8-95c3-b9afeb3ea973}</UniqueIdentifier>
    </Filter>
    <Filter Include="Contents\GameObject\Trigger">
      <UniqueIdentifier>{1dc157f7-83c9-4ca8-9ad7-add4c3e1080a}</UniqueIdentifier>
    </Filter>
    <Filter Include="Contents\GameObject\UI\Image">
      <UniqueIdentifier>{02a876e0-f173-4753-a50e-00299a809811}</UniqueIdentifier>
    </Filter>
    <Filter Include="Contents\Data">
      <UniqueIdentifier>{385120e8-e7e7-488a-80db-467cff29d49d}</UniqueIdentifier>
    </Filter>
    <Filter Include="Contents\GameObject\Item">
      <UniqueIdentifier>{25b3cb8d-597f-4ba6-a019-f4415f90cf6a}</UniqueIdentifier>
    </Filter>
    <Filter Include="Contents\GameObject\Item\Coin">
      <UniqueIdentifier>{73c68cd4-0e43-40ba-88c4-8ce78b813c45}</UniqueIdentifier>
    </Filter>
    <Filter Include="Contents\GameObject\Item\Fairy">
      <UniqueIdentifier>{c916d766-f7a7-4f94-82e2-be56ab79ff6f}</UniqueIdentifier>
    </Filter>
    <Filter Include="Contents\GameObject\Structure">
      <UniqueIdentifier>{272ea20d-8db7-4a67-898b-c9f9556b6cac}</UniqueIdentifier>
    </Filter>
    <Filter Include="Contents\GameObject\Structure\Floor">
      <UniqueIdentifier>{884c062c-8633-48b5-87b6-ce2af11aa86a}</UniqueIdentifier>
    </Filter>
    <Filter Include="Contents\GameObject\Structure\Wall">
      <UniqueIdentifier>{d854cfcb-a458-4452-8a7f-cbc8c636e490}</UniqueIdentifier>
    </Filter>
    <Filter Include="Contents\GameObject\Structure\Ceil">
      <UniqueIdentifier>{37766bdb-2cac-437f-9253-0e246e2fc4ee}</UniqueIdentifier>
    </Filter>
    <Filter Include="Engine\DungeonManager">
      <UniqueIdentifier>{4fcaa912-9d3d-41c8-b38b-94f2ebf799ff}</UniqueIdentifier>
    </Filter>
    <Filter Include="Contents\Scene\4.Dungeon">
      <UniqueIdentifier>{3b0effa5-cf99-477e-bbb0-063203192337}</UniqueIdentifier>
    </Filter>
    <Filter Include="Contents\Scene\4.Dungeon\2.IceField">
      <UniqueIdentifier>{ddcc4209-f045-4633-b0bc-ee97bd031df0}</UniqueIdentifier>
    </Filter>
    <Filter Include="Contents\Scene\4.Dungeon\1.JailFieldScene">
      <UniqueIdentifier>{52a7e731-2032-4fee-8f10-6f9558c5305d}</UniqueIdentifier>
    </Filter>
    <Filter Include="Contents\Scene\4.Dungeon\1.JailFieldScene\JailPrevBossScene">
      <UniqueIdentifier>{77824f21-c5b1-4bc1-888a-7b9e70d13750}</UniqueIdentifier>
    </Filter>
    <Filter Include="Contents\Scene\4.Dungeon\1.JailFieldScene\JailBossScene">
      <UniqueIdentifier>{fb20b007-9411-49f1-80a8-b6d06dd17ba2}</UniqueIdentifier>
    </Filter>
    <Filter Include="Contents\Scene\4.Dungeon\1.JailFieldScene\JailField">
      <UniqueIdentifier>{b0a3a7bf-ce5e-4707-862c-9d461b0f8f57}</UniqueIdentifier>
    </Filter>
    <Filter Include="Contents\Scene\4.Dungeon\1.JailFieldScene\JailField\JailField1">
      <UniqueIdentifier>{28b062ce-1ad2-4d65-83b4-acbf7ea279b2}</UniqueIdentifier>
    </Filter>
    <Filter Include="Contents\Scene\4.Dungeon\1.JailFieldScene\JailField\JailField2">
      <UniqueIdentifier>{9f51d4ee-5965-49ba-8344-5fd729631d02}</UniqueIdentifier>
    </Filter>
    <Filter Include="Contents\Scene\4.Dungeon\1.JailFieldScene\JailField\JailField3">
      <UniqueIdentifier>{edcd0cf1-1152-4677-a695-ba285c267dd5}</UniqueIdentifier>
    </Filter>
    <Filter Include="Contents\Scene\4.Dungeon\1.JailFieldScene\JailField\JailField4">
      <UniqueIdentifier>{7e192282-4f74-4f4b-8b4e-125e9fb36886}</UniqueIdentifier>
    </Filter>
    <Filter Include="Contents\Scene\4.Dungeon\1.JailFieldScene\JailField\JailField18">
      <UniqueIdentifier>{418cdbfc-9227-4b90-95a3-dbdddb9ed415}</UniqueIdentifier>
    </Filter>
    <Filter Include="Contents\Scene\4.Dungeon\1.JailFieldScene\JailField\JailField5">
      <UniqueIdentifier>{55ff80fa-fa95-4e8e-8521-63630b4ad888}</UniqueIdentifier>
    </Filter>
    <Filter Include="Contents\Scene\4.Dungeon\1.JailFieldScene\JailField\JailField6">
      <UniqueIdentifier>{834d2ab3-cf7e-4567-af29-5ac4ce48a210}</UniqueIdentifier>
    </Filter>
    <Filter Include="Contents\Scene\4.Dungeon\1.JailFieldScene\JailField\JailField7">
      <UniqueIdentifier>{3e355429-bd41-4e2b-a075-df47c2b30cfa}</UniqueIdentifier>
    </Filter>
    <Filter Include="Contents\Scene\4.Dungeon\1.JailFieldScene\JailField\JailField8">
      <UniqueIdentifier>{7cf6e9d2-e76c-4a8c-8320-843d6ab3ded5}</UniqueIdentifier>
    </Filter>
    <Filter Include="Contents\Scene\4.Dungeon\1.JailFieldScene\JailField\JailField9">
      <UniqueIdentifier>{32be5660-23ad-4bc2-b293-beff6c541390}</UniqueIdentifier>
    </Filter>
    <Filter Include="Contents\Scene\4.Dungeon\1.JailFieldScene\JailField\JailField10">
      <UniqueIdentifier>{7ff6e8ad-3c1f-4503-ab1a-814de63d51bf}</UniqueIdentifier>
    </Filter>
    <Filter Include="Contents\Scene\4.Dungeon\1.JailFieldScene\JailField\JailField11">
      <UniqueIdentifier>{ec15fa46-fbf0-4ecf-8d0c-f81e69e438b8}</UniqueIdentifier>
    </Filter>
    <Filter Include="Contents\Scene\4.Dungeon\1.JailFieldScene\JailField\JailField12">
      <UniqueIdentifier>{4efc159f-2adb-4122-917c-207e771beb6d}</UniqueIdentifier>
    </Filter>
    <Filter Include="Contents\Scene\4.Dungeon\1.JailFieldScene\JailField\JailField13">
      <UniqueIdentifier>{fbcfe642-6b1c-4712-b412-d7b16dc9c062}</UniqueIdentifier>
    </Filter>
    <Filter Include="Contents\Scene\4.Dungeon\1.JailFieldScene\JailField\JailField14">
      <UniqueIdentifier>{f371b574-54b5-470e-8707-1d3f5f998935}</UniqueIdentifier>
    </Filter>
    <Filter Include="Contents\Scene\4.Dungeon\1.JailFieldScene\JailField\JailField15">
      <UniqueIdentifier>{2e734ac0-85bc-4b1b-82b0-a7c4228e6eec}</UniqueIdentifier>
    </Filter>
    <Filter Include="Contents\Scene\4.Dungeon\1.JailFieldScene\JailField\JailField16">
      <UniqueIdentifier>{b3da274e-0667-4736-b9e9-5c354cdea2b8}</UniqueIdentifier>
    </Filter>
    <Filter Include="Contents\Scene\4.Dungeon\1.JailFieldScene\JailField\JailField17">
      <UniqueIdentifier>{802165ba-1bb9-422f-b351-e845e08224e5}</UniqueIdentifier>
    </Filter>
    <Filter Include="Contents\GameObject\Detection">
      <UniqueIdentifier>{5fc08dbe-c168-4e91-8d28-452516664c81}</UniqueIdentifier>
    </Filter>
    <Filter Include="Contents\GameObject\Enemy\JailField\Normal\GreySkel">
      <UniqueIdentifier>{1055aa75-b481-47e8-bd78-886836aa4cb8}</UniqueIdentifier>
    </Filter>
    <Filter Include="Contents\GameObject\Enemy\JailField\Normal\GreySkel\Warrior">
      <UniqueIdentifier>{d0af4424-d6c7-433e-873e-3ee8f6ba2a3c}</UniqueIdentifier>
    </Filter>
    <Filter Include="Contents\GameObject\Enemy\JailField\Normal\GreySkel\Archor">
      <UniqueIdentifier>{f3f1829b-1aa8-4644-9931-b7b7b044c51a}</UniqueIdentifier>
    </Filter>
    <Filter Include="Contents\GameObject\Enemy\JailField\Normal\SkelDog">
      <UniqueIdentifier>{883561ec-3aa4-45ad-b417-eb035913dcbb}</UniqueIdentifier>
    </Filter>
    <Filter Include="Contents\GameObject\Structure\Slope">
      <UniqueIdentifier>{b2444961-e54f-4faf-9a3e-dd39cc62010d}</UniqueIdentifier>
    </Filter>
    <Filter Include="Contents\GameObject\Enemy\JailField\Normal\Bat">
      <UniqueIdentifier>{46609ded-2c4b-4752-a54b-9dbec34b1f7d}</UniqueIdentifier>
    </Filter>
    <Filter Include="Contents\GameObject\Enemy\JailField\Normal\Bat\GianBat">
      <UniqueIdentifier>{fd28a6c7-4803-48eb-b727-a43070658c7c}</UniqueIdentifier>
    </Filter>
    <Filter Include="Contents\GameObject\Enemy\JailField\Normal\Bat\RedGiantBat">
      <UniqueIdentifier>{fbc94060-e0c5-4af3-be46-37715a92d000}</UniqueIdentifier>
    </Filter>
    <Filter Include="Contents\GameObject\Intro">
      <UniqueIdentifier>{32846a06-40fb-44f2-bb02-9fc07c955aa1}</UniqueIdentifier>
    </Filter>
    <Filter Include="Contents\Scene\4.Dungeon\2.IceField\IceBossScene">
      <UniqueIdentifier>{57ea6dbb-2ff0-47dc-8b3a-fc8e132e1771}</UniqueIdentifier>
    </Filter>
    <Filter Include="Contents\Scene\4.Dungeon\2.IceField\IceField">
      <UniqueIdentifier>{4adb725b-f826-4523-8cef-8ae9cba5f2e6}</UniqueIdentifier>
    </Filter>
    <Filter Include="Contents\Scene\4.Dungeon\2.IceField\IcePrevBossScene">
      <UniqueIdentifier>{d87147bc-95a0-434c-97f9-68e705368400}</UniqueIdentifier>
    </Filter>
    <Filter Include="Contents\Scene\4.Dungeon\2.IceField\IceField\IceField1">
      <UniqueIdentifier>{7548dd35-b435-4ad0-bde6-f5d299a3dd67}</UniqueIdentifier>
    </Filter>
    <Filter Include="Contents\Scene\4.Dungeon\2.IceField\IceField\IceField2">
      <UniqueIdentifier>{99644425-1e43-4b58-8fa7-3f7a9ccf2f29}</UniqueIdentifier>
    </Filter>
    <Filter Include="Contents\Scene\4.Dungeon\2.IceField\IceField\IceField3">
      <UniqueIdentifier>{42eb77e1-df28-4d53-8947-45bb3398367c}</UniqueIdentifier>
    </Filter>
    <Filter Include="Contents\Scene\4.Dungeon\2.IceField\IceField\IceField4">
      <UniqueIdentifier>{ee0a518d-42eb-4ab0-8fa3-e26894cbbc84}</UniqueIdentifier>
    </Filter>
    <Filter Include="Contents\Scene\4.Dungeon\2.IceField\IceField\IceField5">
      <UniqueIdentifier>{a4a756b3-eda5-47fd-98a2-d6479aed2ab5}</UniqueIdentifier>
    </Filter>
    <Filter Include="Contents\Scene\4.Dungeon\2.IceField\IceField\IceField8">
      <UniqueIdentifier>{8513e434-3729-4536-92ce-ba2154ed7b17}</UniqueIdentifier>
    </Filter>
    <Filter Include="Contents\Scene\4.Dungeon\2.IceField\IceField\IceField9">
      <UniqueIdentifier>{4a86617c-f9c2-49f2-a7af-695385b4f9b7}</UniqueIdentifier>
    </Filter>
    <Filter Include="Contents\Scene\4.Dungeon\2.IceField\IceField\IceField10">
      <UniqueIdentifier>{f66d6547-129b-4aaf-b2c9-6e51ae995290}</UniqueIdentifier>
    </Filter>
    <Filter Include="Contents\Scene\4.Dungeon\2.IceField\IceField\IceField11">
      <UniqueIdentifier>{327463c8-c27b-4b9c-97d3-87598a2a7a55}</UniqueIdentifier>
    </Filter>
    <Filter Include="Contents\Scene\4.Dungeon\2.IceField\IceField\IceField12">
      <UniqueIdentifier>{70513ab9-8ae2-4fc3-bb75-294646d93076}</UniqueIdentifier>
    </Filter>
    <Filter Include="Contents\Scene\4.Dungeon\2.IceField\IceField\IceField13">
      <UniqueIdentifier>{85219b73-821a-4e76-b0fe-562fb9fab0f7}</UniqueIdentifier>
    </Filter>
    <Filter Include="Contents\Scene\4.Dungeon\2.IceField\IceField\IceField14">
      <UniqueIdentifier>{0f689e1b-0a1a-45ce-bb36-e91f8cf74ff5}</UniqueIdentifier>
    </Filter>
    <Filter Include="Contents\Scene\4.Dungeon\2.IceField\IceField\IceField15">
      <UniqueIdentifier>{afd1c34a-c375-47b0-915d-8e310204ef35}</UniqueIdentifier>
    </Filter>
    <Filter Include="Contents\Scene\4.Dungeon\2.IceField\IceField\IceField16">
      <UniqueIdentifier>{5ed7d91e-6167-4af5-939d-3abefc718a40}</UniqueIdentifier>
    </Filter>
    <Filter Include="Contents\Scene\4.Dungeon\2.IceField\IceField\IceField17">
      <UniqueIdentifier>{ec6088e4-6e45-49a7-bdc3-9727f97343b6}</UniqueIdentifier>
    </Filter>
    <Filter Include="Contents\Scene\4.Dungeon\2.IceField\IceField\IceField18">
      <UniqueIdentifier>{769f0106-f710-49b8-9961-3184f81e3fc8}</UniqueIdentifier>
    </Filter>
    <Filter Include="Contents\Scene\4.Dungeon\2.IceField\IceField\IceField19">
      <UniqueIdentifier>{be70f5c7-4da0-4b6b-b1f3-65b97d423782}</UniqueIdentifier>
    </Filter>
    <Filter Include="Contents\Scene\4.Dungeon\2.IceField\IceField\IceField6">
      <UniqueIdentifier>{2b4bf105-f3db-44fe-9a8f-d3c15a4141cc}</UniqueIdentifier>
    </Filter>
    <Filter Include="Contents\Scene\4.Dungeon\2.IceField\IceField\IceField7">
      <UniqueIdentifier>{f94ae87b-f52f-48d9-9a53-d18507491ba5}</UniqueIdentifier>
    </Filter>
    <Filter Include="Contents\GameObject\Enemy\IceField">
      <UniqueIdentifier>{76c4cc93-cfd7-48b9-a591-2476e74e5bfe}</UniqueIdentifier>
    </Filter>
    <Filter Include="Contents\GameObject\Enemy\IceField\Normal">
      <UniqueIdentifier>{231345c2-30e9-4238-a111-18f118aeecca}</UniqueIdentifier>
    </Filter>
    <Filter Include="Contents\GameObject\Enemy\IceField\Boss">
      <UniqueIdentifier>{92ca332d-4a80-492e-85c5-630816f0bbbf}</UniqueIdentifier>
    </Filter>
    <Filter Include="Contents\GameObject\Enemy\IceField\Normal\SkelIceMagician">
      <UniqueIdentifier>{a5580d34-b7a1-4e68-941a-627a691e7a61}</UniqueIdentifier>
    </Filter>
    <Filter Include="Contents\GameObject\Enemy\IceField\Normal\BigGrayIceSkel">
      <UniqueIdentifier>{f632c572-f54d-40e3-8c98-1f754a27e392}</UniqueIdentifier>
    </Filter>
    <Filter Include="Contents\Scene\4.Dungeon\1.JailFieldScene\JailAfterBossScene">
      <UniqueIdentifier>{e1f18ee1-7e55-48e1-b740-727e43c3bb2d}</UniqueIdentifier>
    </Filter>
  </ItemGroup>
  <ItemGroup>
    <ClInclude Include="Client.h">
      <Filter>Window\Header</Filter>
    </ClInclude>
    <ClInclude Include="framework.h">
      <Filter>Window\Header</Filter>
    </ClInclude>
    <ClInclude Include="Resource.h">
      <Filter>Window\Header</Filter>
    </ClInclude>
    <ClInclude Include="targetver.h">
      <Filter>Window\Header</Filter>
    </ClInclude>
    <ClInclude Include="Commoninclude.h">
      <Filter>Engine\Common</Filter>
    </ClInclude>
    <ClInclude Include="EHMath.h">
      <Filter>Engine\Common</Filter>
    </ClInclude>
    <ClInclude Include="EHApplication.h">
      <Filter>Engine\High Level Interface</Filter>
    </ClInclude>
    <ClInclude Include="EHInput.h">
      <Filter>Engine\Input</Filter>
    </ClInclude>
    <ClInclude Include="EHTime.h">
      <Filter>Engine\Common\Time</Filter>
    </ClInclude>
    <ClInclude Include="EHScene.h">
      <Filter>Engine\Scene</Filter>
    </ClInclude>
    <ClInclude Include="EHEntity.h">
      <Filter>Engine\Entity</Filter>
    </ClInclude>
    <ClInclude Include="EHLayer.h">
      <Filter>Engine\Layer</Filter>
    </ClInclude>
    <ClInclude Include="EHGameObject.h">
      <Filter>Engine\GameObject</Filter>
    </ClInclude>
    <ClInclude Include="EHComponent.h">
      <Filter>Engine\Component</Filter>
    </ClInclude>
    <ClInclude Include="EHTransform.h">
      <Filter>Engine\Component\Transform</Filter>
    </ClInclude>
    <ClInclude Include="EHSpriteRenderer.h">
      <Filter>Engine\Component\SpriteRenderer</Filter>
    </ClInclude>
    <ClInclude Include="EHPath.h">
      <Filter>Engine\Path</Filter>
    </ClInclude>
    <ClInclude Include="EHObject.h">
      <Filter>Engine\GameObject</Filter>
    </ClInclude>
    <ClInclude Include="EHSceneManager.h">
      <Filter>Engine\SceneMgr</Filter>
    </ClInclude>
    <ClInclude Include="EHTitleScene.h">
      <Filter>Contents\Scene\1.TitleScene</Filter>
    </ClInclude>
    <ClInclude Include="EHSelectScene.h">
      <Filter>Contents\Scene\2.SelectScene</Filter>
    </ClInclude>
    <ClInclude Include="EHTownScene.h">
      <Filter>Contents\Scene\3.TownScene</Filter>
    </ClInclude>
    <ClInclude Include="EHPlayer.h">
      <Filter>Contents\GameObject\Player</Filter>
    </ClInclude>
    <ClInclude Include="EHResource.h">
      <Filter>Engine\Resource</Filter>
    </ClInclude>
    <ClInclude Include="EHResources.h">
      <Filter>Engine\Resource</Filter>
    </ClInclude>
    <ClInclude Include="EHTexture.h">
      <Filter>Engine\Resource\Image</Filter>
    </ClInclude>
    <ClInclude Include="EHSound.h">
      <Filter>Engine\Resource\Sound</Filter>
    </ClInclude>
    <ClInclude Include="EHBackGround.h">
      <Filter>Contents\GameObject\BackGround</Filter>
    </ClInclude>
    <ClInclude Include="EHNpc.h">
      <Filter>Contents\GameObject\Npc</Filter>
    </ClInclude>
    <ClInclude Include="EHJailPrevBossScene.h">
      <Filter>Contents\Scene\4.Dungeon\1.JailFieldScene\JailPrevBossScene</Filter>
    </ClInclude>
    <ClInclude Include="EHJailBossScene.h">
      <Filter>Contents\Scene\4.Dungeon\1.JailFieldScene\JailBossScene</Filter>
    </ClInclude>
    <ClInclude Include="EHCamera.h">
      <Filter>Engine\Camera</Filter>
    </ClInclude>
    <ClInclude Include="EHAnimator.h">
      <Filter>Engine\Component\Animator</Filter>
    </ClInclude>
    <ClInclude Include="EHAnimation.h">
      <Filter>Engine\Resource\Animation</Filter>
    </ClInclude>
    <ClInclude Include="EHJailScene18.h">
      <Filter>Contents\Scene\4.Dungeon\1.JailFieldScene\JailField\JailField18</Filter>
    </ClInclude>
    <ClInclude Include="EHJailScene1.h">
      <Filter>Contents\Scene\4.Dungeon\1.JailFieldScene\JailField\JailField1</Filter>
    </ClInclude>
    <ClInclude Include="EHJailScene2.h">
      <Filter>Contents\Scene\4.Dungeon\1.JailFieldScene\JailField\JailField2</Filter>
    </ClInclude>
    <ClInclude Include="EHJailScene3.h">
      <Filter>Contents\Scene\4.Dungeon\1.JailFieldScene\JailField\JailField3</Filter>
    </ClInclude>
    <ClInclude Include="EHJailScene4.h">
      <Filter>Contents\Scene\4.Dungeon\1.JailFieldScene\JailField\JailField4</Filter>
    </ClInclude>
    <ClInclude Include="EHJailField5.h">
      <Filter>Contents\Scene\4.Dungeon\1.JailFieldScene\JailField\JailField5</Filter>
    </ClInclude>
    <ClInclude Include="EHJailField6.h">
      <Filter>Contents\Scene\4.Dungeon\1.JailFieldScene\JailField\JailField6</Filter>
    </ClInclude>
    <ClInclude Include="EHJailField7.h">
      <Filter>Contents\Scene\4.Dungeon\1.JailFieldScene\JailField\JailField7</Filter>
    </ClInclude>
    <ClInclude Include="EHJailField8.h">
      <Filter>Contents\Scene\4.Dungeon\1.JailFieldScene\JailField\JailField8</Filter>
    </ClInclude>
    <ClInclude Include="EHCollider.h">
      <Filter>Engine\Component\Collider</Filter>
    </ClInclude>
    <ClInclude Include="EHCollisionManager.h">
      <Filter>Engine\CollisionMgr</Filter>
    </ClInclude>
    <ClInclude Include="EHJailScene9.h">
      <Filter>Contents\Scene\4.Dungeon\1.JailFieldScene\JailField\JailField9</Filter>
    </ClInclude>
    <ClInclude Include="EHJailScene10.h">
      <Filter>Contents\Scene\4.Dungeon\1.JailFieldScene\JailField\JailField10</Filter>
    </ClInclude>
    <ClInclude Include="EHJailScene11.h">
      <Filter>Contents\Scene\4.Dungeon\1.JailFieldScene\JailField\JailField11</Filter>
    </ClInclude>
    <ClInclude Include="EHJailScene12.h">
      <Filter>Contents\Scene\4.Dungeon\1.JailFieldScene\JailField\JailField12</Filter>
    </ClInclude>
    <ClInclude Include="EHJailScene13.h">
      <Filter>Contents\Scene\4.Dungeon\1.JailFieldScene\JailField\JailField13</Filter>
    </ClInclude>
    <ClInclude Include="EHJailScene14.h">
      <Filter>Contents\Scene\4.Dungeon\1.JailFieldScene\JailField\JailField14</Filter>
    </ClInclude>
    <ClInclude Include="EHJailScene15.h">
      <Filter>Contents\Scene\4.Dungeon\1.JailFieldScene\JailField\JailField15</Filter>
    </ClInclude>
    <ClInclude Include="EHJailScene16.h">
      <Filter>Contents\Scene\4.Dungeon\1.JailFieldScene\JailField\JailField16</Filter>
    </ClInclude>
    <ClInclude Include="EHJailScene17.h">
      <Filter>Contents\Scene\4.Dungeon\1.JailFieldScene\JailField\JailField17</Filter>
    </ClInclude>
    <ClInclude Include="EHRigidbody.h">
      <Filter>Engine\Component\Rigidbody</Filter>
    </ClInclude>
    <ClInclude Include="EHButton.h">
      <Filter>Contents\GameObject\UI\Button</Filter>
    </ClInclude>
    <ClInclude Include="EHWeapon.h">
      <Filter>Contents\GameObject\Weapon</Filter>
    </ClInclude>
    <ClInclude Include="EHFloor.h">
      <Filter>Contents\GameObject\Structure\Floor</Filter>
    </ClInclude>
    <ClInclude Include="EHBoss.h">
      <Filter>Contents\GameObject\Enemy\JailField\Boss</Filter>
    </ClInclude>
    <ClInclude Include="EHBossHand.h">
      <Filter>Contents\GameObject\Enemy\JailField\Boss</Filter>
    </ClInclude>
    <ClInclude Include="EHBanshee.h">
      <Filter>Contents\GameObject\Enemy\JailField\Normal\Banshee</Filter>
    </ClInclude>
    <ClInclude Include="EHJailArchor.h">
      <Filter>Contents\GameObject\Enemy\JailField\Normal\GreySkel\Archor</Filter>
    </ClInclude>
    <ClInclude Include="EHLaser.h">
      <Filter>Contents\GameObject\EnemyAttack\Laser</Filter>
    </ClInclude>
    <ClInclude Include="EHBullet.h">
      <Filter>Contents\GameObject\EnemyAttack\Bullet</Filter>
    </ClInclude>
    <ClInclude Include="EHSoundManager.h">
      <Filter>Engine\SoundMgr</Filter>
    </ClInclude>
    <ClInclude Include="EHSlope.h">
      <Filter>Contents\GameObject\Structure\Slope</Filter>
    </ClInclude>
    <ClInclude Include="EHTrigger.h">
      <Filter>Contents\GameObject\Trigger</Filter>
    </ClInclude>
    <ClInclude Include="EHCanvas.h">
      <Filter>Contents\GameObject\UI\Canvas</Filter>
    </ClInclude>
    <ClInclude Include="EHImageObject.h">
      <Filter>Contents\GameObject\UI\Image</Filter>
    </ClInclude>
    <ClInclude Include="EHObjdata.h">
      <Filter>Contents\Data</Filter>
    </ClInclude>
    <ClInclude Include="EHCoin.h">
      <Filter>Contents\GameObject\Item\Coin</Filter>
    </ClInclude>
    <ClInclude Include="EHFairy.h">
      <Filter>Contents\GameObject\Item\Fairy</Filter>
    </ClInclude>
    <ClInclude Include="EHWall.h">
      <Filter>Contents\GameObject\Structure\Wall</Filter>
    </ClInclude>
    <ClInclude Include="EHCeil.h">
      <Filter>Contents\GameObject\Structure\Ceil</Filter>
    </ClInclude>
    <ClInclude Include="EHDungeonManager.h">
      <Filter>Engine\DungeonManager</Filter>
    </ClInclude>
    <ClInclude Include="EHDetection.h">
      <Filter>Contents\GameObject\Detection</Filter>
    </ClInclude>
    <ClInclude Include="EHJailWarrior.h">
      <Filter>Contents\GameObject\Enemy\JailField\Normal\GreySkel\Warrior</Filter>
    </ClInclude>
    <ClInclude Include="EHJailDog.h">
      <Filter>Contents\GameObject\Enemy\JailField\Normal\SkelDog</Filter>
    </ClInclude>
    <ClInclude Include="EHGiantBat.h">
      <Filter>Contents\GameObject\Enemy\JailField\Normal\Bat\GianBat</Filter>
    </ClInclude>
    <ClInclude Include="EHRedGiantBat.h">
      <Filter>Contents\GameObject\Enemy\JailField\Normal\Bat\RedGiantBat</Filter>
    </ClInclude>
    <ClInclude Include="EHIntro.h">
      <Filter>Contents\GameObject\Intro</Filter>
    </ClInclude>
    <ClInclude Include="EHIceScene1.h">
      <Filter>Contents\Scene\4.Dungeon\2.IceField\IceField\IceField1</Filter>
    </ClInclude>
    <ClInclude Include="EHIceScene2.h">
      <Filter>Contents\Scene\4.Dungeon\2.IceField\IceField\IceField2</Filter>
    </ClInclude>
    <ClInclude Include="EHIceScene3.h">
      <Filter>Contents\Scene\4.Dungeon\2.IceField\IceField\IceField3</Filter>
    </ClInclude>
    <ClInclude Include="EHIceScene4.h">
      <Filter>Contents\Scene\4.Dungeon\2.IceField\IceField\IceField4</Filter>
    </ClInclude>
    <ClInclude Include="EHIceScene5.h">
      <Filter>Contents\Scene\4.Dungeon\2.IceField\IceField\IceField5</Filter>
    </ClInclude>
    <ClInclude Include="EHIceScene6.h">
      <Filter>Contents\Scene\4.Dungeon\2.IceField\IceField\IceField6</Filter>
    </ClInclude>
    <ClInclude Include="EHIceScene7.h">
      <Filter>Contents\Scene\4.Dungeon\2.IceField\IceField\IceField7</Filter>
    </ClInclude>
    <ClInclude Include="EHIceScene8.h">
      <Filter>Contents\Scene\4.Dungeon\2.IceField\IceField\IceField8</Filter>
    </ClInclude>
    <ClInclude Include="EHIceScene9.h">
      <Filter>Contents\Scene\4.Dungeon\2.IceField\IceField\IceField9</Filter>
    </ClInclude>
    <ClInclude Include="EHIceScene10.h">
      <Filter>Contents\Scene\4.Dungeon\2.IceField\IceField\IceField10</Filter>
    </ClInclude>
    <ClInclude Include="EHIceScene11.h">
      <Filter>Contents\Scene\4.Dungeon\2.IceField\IceField\IceField11</Filter>
    </ClInclude>
    <ClInclude Include="EHIceScene12.h">
      <Filter>Contents\Scene\4.Dungeon\2.IceField\IceField\IceField12</Filter>
    </ClInclude>
    <ClInclude Include="EHIceScene13.h">
      <Filter>Contents\Scene\4.Dungeon\2.IceField\IceField\IceField13</Filter>
    </ClInclude>
    <ClInclude Include="EHIceScene14.h">
      <Filter>Contents\Scene\4.Dungeon\2.IceField\IceField\IceField14</Filter>
    </ClInclude>
    <ClInclude Include="EHIceScene15.h">
      <Filter>Contents\Scene\4.Dungeon\2.IceField\IceField\IceField15</Filter>
    </ClInclude>
    <ClInclude Include="EHIceScene16.h">
      <Filter>Contents\Scene\4.Dungeon\2.IceField\IceField\IceField16</Filter>
    </ClInclude>
    <ClInclude Include="EHIceScene17.h">
      <Filter>Contents\Scene\4.Dungeon\2.IceField\IceField\IceField17</Filter>
    </ClInclude>
    <ClInclude Include="EHIceScene18.h">
      <Filter>Contents\Scene\4.Dungeon\2.IceField\IceField\IceField18</Filter>
    </ClInclude>
    <ClInclude Include="EHIceScene19.h">
      <Filter>Contents\Scene\4.Dungeon\2.IceField\IceField\IceField19</Filter>
    </ClInclude>
    <ClInclude Include="SceneHeader.h">
      <Filter>Contents</Filter>
    </ClInclude>
    <ClInclude Include="EHEnemy.h">
      <Filter>Contents\GameObject\Enemy</Filter>
    </ClInclude>
    <ClInclude Include="EHBigGrayIceSkel.h">
      <Filter>Contents\GameObject\Enemy\IceField\Normal\BigGrayIceSkel</Filter>
    </ClInclude>
    <ClInclude Include="EHSkelIceMagician.h">
      <Filter>Contents\GameObject\Enemy\IceField\Normal\SkelIceMagician</Filter>
    </ClInclude>
    <ClInclude Include="EHJailAfterBossScene.h">
      <Filter>Contents\Scene\4.Dungeon\1.JailFieldScene\JailAfterBossScene</Filter>
    </ClInclude>
    <ClInclude Include="EHIcePrevBossScene.h">
      <Filter>Contents\Scene\4.Dungeon\2.IceField\IcePrevBossScene</Filter>
    </ClInclude>
    <ClInclude Include="EHIceBossScene.h">
      <Filter>Contents\Scene\4.Dungeon\2.IceField\IceBossScene</Filter>
    </ClInclude>
    <ClInclude Include="EHNiflheim.h">
      <Filter>Contents\GameObject\Enemy\IceField\Boss</Filter>
    </ClInclude>
  </ItemGroup>
  <ItemGroup>
    <Image Include="Client.ico">
      <Filter>Window\Resource</Filter>
    </Image>
    <Image Include="small.ico">
      <Filter>Window\Resource</Filter>
    </Image>
    <Image Include="Game_Icon.ico" />
  </ItemGroup>
  <ItemGroup>
    <ClCompile Include="Client.cpp" />
    <ClCompile Include="EHApplication.cpp">
      <Filter>Engine\High Level Interface</Filter>
    </ClCompile>
    <ClCompile Include="EHInput.cpp">
      <Filter>Engine\Input</Filter>
    </ClCompile>
    <ClCompile Include="EHTime.cpp">
      <Filter>Engine\Common\Time</Filter>
    </ClCompile>
    <ClCompile Include="EHScene.cpp">
      <Filter>Engine\Scene</Filter>
    </ClCompile>
    <ClCompile Include="EHEntity.cpp">
      <Filter>Engine\Entity</Filter>
    </ClCompile>
    <ClCompile Include="EHLayer.cpp">
      <Filter>Engine\Layer</Filter>
    </ClCompile>
    <ClCompile Include="EHGameObject.cpp">
      <Filter>Engine\GameObject</Filter>
    </ClCompile>
    <ClCompile Include="EHComponent.cpp">
      <Filter>Engine\Component</Filter>
    </ClCompile>
    <ClCompile Include="EHTransform.cpp">
      <Filter>Engine\Component\Transform</Filter>
    </ClCompile>
    <ClCompile Include="EHSpriteRenderer.cpp">
      <Filter>Engine\Component\SpriteRenderer</Filter>
    </ClCompile>
    <ClCompile Include="EHPath.cpp">
      <Filter>Engine\Path</Filter>
    </ClCompile>
    <ClCompile Include="EHSceneManager.cpp">
      <Filter>Engine\SceneMgr</Filter>
    </ClCompile>
    <ClCompile Include="EHTitleScene.cpp">
      <Filter>Contents\Scene\1.TitleScene</Filter>
    </ClCompile>
    <ClCompile Include="EHSelectScene.cpp">
      <Filter>Contents\Scene\2.SelectScene</Filter>
    </ClCompile>
    <ClCompile Include="EHTownScene.cpp">
      <Filter>Contents\Scene\3.TownScene</Filter>
    </ClCompile>
    <ClCompile Include="EHPlayer.cpp">
      <Filter>Contents\GameObject\Player</Filter>
    </ClCompile>
    <ClCompile Include="EHResource.cpp">
      <Filter>Engine\Resource</Filter>
    </ClCompile>
    <ClCompile Include="EHResources.cpp">
      <Filter>Engine\Resource</Filter>
    </ClCompile>
    <ClCompile Include="EHTexture.cpp">
      <Filter>Engine\Resource\Image</Filter>
    </ClCompile>
    <ClCompile Include="EHSound.cpp">
      <Filter>Engine\Resource\Sound</Filter>
    </ClCompile>
    <ClCompile Include="EHBackGround.cpp">
      <Filter>Contents\GameObject\BackGround</Filter>
    </ClCompile>
    <ClCompile Include="EHNpc.cpp">
      <Filter>Contents\GameObject\Npc</Filter>
    </ClCompile>
    <ClCompile Include="EHJailPrevBossScene.cpp">
      <Filter>Contents\Scene\4.Dungeon\1.JailFieldScene\JailPrevBossScene</Filter>
    </ClCompile>
    <ClCompile Include="EHJailBossScene.cpp">
      <Filter>Contents\Scene\4.Dungeon\1.JailFieldScene\JailBossScene</Filter>
    </ClCompile>
    <ClCompile Include="EHCamera.cpp">
      <Filter>Engine\Camera</Filter>
    </ClCompile>
    <ClCompile Include="EHAnimator.cpp">
      <Filter>Engine\Component\Animator</Filter>
    </ClCompile>
    <ClCompile Include="EHAnimation.cpp">
      <Filter>Engine\Resource\Animation</Filter>
    </ClCompile>
    <ClCompile Include="EHMath.cpp">
      <Filter>Engine\Common</Filter>
    </ClCompile>
    <ClCompile Include="EHJailScene18.cpp">
      <Filter>Contents\Scene\4.Dungeon\1.JailFieldScene\JailField\JailField18</Filter>
    </ClCompile>
    <ClCompile Include="EHJailScene1.cpp">
      <Filter>Contents\Scene\4.Dungeon\1.JailFieldScene\JailField\JailField1</Filter>
    </ClCompile>
    <ClCompile Include="EHJailScene2.cpp">
      <Filter>Contents\Scene\4.Dungeon\1.JailFieldScene\JailField\JailField2</Filter>
    </ClCompile>
    <ClCompile Include="EHJailScene3.cpp">
      <Filter>Contents\Scene\4.Dungeon\1.JailFieldScene\JailField\JailField3</Filter>
    </ClCompile>
    <ClCompile Include="EHJailScene4.cpp">
      <Filter>Contents\Scene\4.Dungeon\1.JailFieldScene\JailField\JailField4</Filter>
    </ClCompile>
    <ClCompile Include="EHJailField5.cpp">
      <Filter>Contents\Scene\4.Dungeon\1.JailFieldScene\JailField\JailField5</Filter>
    </ClCompile>
    <ClCompile Include="EHJailField6.cpp">
      <Filter>Contents\Scene\4.Dungeon\1.JailFieldScene\JailField\JailField6</Filter>
    </ClCompile>
    <ClCompile Include="EHJailField7.cpp">
      <Filter>Contents\Scene\4.Dungeon\1.JailFieldScene\JailField\JailField7</Filter>
    </ClCompile>
    <ClCompile Include="EHJailField8.cpp">
      <Filter>Contents\Scene\4.Dungeon\1.JailFieldScene\JailField\JailField8</Filter>
    </ClCompile>
    <ClCompile Include="EHCollider.cpp">
      <Filter>Engine\Component\Collider</Filter>
    </ClCompile>
    <ClCompile Include="EHCollisionManager.cpp">
      <Filter>Engine\CollisionMgr</Filter>
    </ClCompile>
    <ClCompile Include="EHJailScene9.cpp">
      <Filter>Contents\Scene\4.Dungeon\1.JailFieldScene\JailField\JailField9</Filter>
    </ClCompile>
    <ClCompile Include="EHJailScene10.cpp">
      <Filter>Contents\Scene\4.Dungeon\1.JailFieldScene\JailField\JailField10</Filter>
    </ClCompile>
    <ClCompile Include="EHJailScene11.cpp">
      <Filter>Contents\Scene\4.Dungeon\1.JailFieldScene\JailField\JailField11</Filter>
    </ClCompile>
    <ClCompile Include="EHJailScene12.cpp">
      <Filter>Contents\Scene\4.Dungeon\1.JailFieldScene\JailField\JailField12</Filter>
    </ClCompile>
    <ClCompile Include="EHJailScene13.cpp">
      <Filter>Contents\Scene\4.Dungeon\1.JailFieldScene\JailField\JailField13</Filter>
    </ClCompile>
    <ClCompile Include="EHJailScene14.cpp">
      <Filter>Contents\Scene\4.Dungeon\1.JailFieldScene\JailField\JailField14</Filter>
    </ClCompile>
    <ClCompile Include="EHJailScene15.cpp">
      <Filter>Contents\Scene\4.Dungeon\1.JailFieldScene\JailField\JailField15</Filter>
    </ClCompile>
    <ClCompile Include="EHJailScene16.cpp">
      <Filter>Contents\Scene\4.Dungeon\1.JailFieldScene\JailField\JailField16</Filter>
    </ClCompile>
    <ClCompile Include="EHJailScene17.cpp">
      <Filter>Contents\Scene\4.Dungeon\1.JailFieldScene\JailField\JailField17</Filter>
    </ClCompile>
    <ClCompile Include="EHRigidbody.cpp">
      <Filter>Engine\Component\Rigidbody</Filter>
    </ClCompile>
    <ClCompile Include="EHButton.cpp">
      <Filter>Contents\GameObject\UI\Button</Filter>
    </ClCompile>
    <ClCompile Include="EHWeapon.cpp">
      <Filter>Contents\GameObject\Weapon</Filter>
    </ClCompile>
    <ClCompile Include="EHFloor.cpp">
      <Filter>Contents\GameObject\Structure\Floor</Filter>
    </ClCompile>
    <ClCompile Include="EHBoss.cpp">
      <Filter>Contents\GameObject\Enemy\JailField\Boss</Filter>
    </ClCompile>
    <ClCompile Include="EHBossHand.cpp">
      <Filter>Contents\GameObject\Enemy\JailField\Boss</Filter>
    </ClCompile>
    <ClCompile Include="EHBanshee.cpp">
      <Filter>Contents\GameObject\Enemy\JailField\Normal\Banshee</Filter>
    </ClCompile>
    <ClCompile Include="EHJailArchor.cpp">
      <Filter>Contents\GameObject\Enemy\JailField\Normal\GreySkel\Archor</Filter>
    </ClCompile>
    <ClCompile Include="EHLaser.cpp">
      <Filter>Contents\GameObject\EnemyAttack\Laser</Filter>
    </ClCompile>
    <ClCompile Include="EHBullet.cpp">
      <Filter>Contents\GameObject\EnemyAttack\Bullet</Filter>
    </ClCompile>
    <ClCompile Include="EHSoundManager.cpp">
      <Filter>Engine\SoundMgr</Filter>
    </ClCompile>
    <ClCompile Include="EHSlope.cpp">
      <Filter>Contents\GameObject\Structure\Slope</Filter>
    </ClCompile>
    <ClCompile Include="EHTrigger.cpp">
      <Filter>Contents\GameObject\Trigger</Filter>
    </ClCompile>
    <ClCompile Include="EHCanvas.cpp">
      <Filter>Contents\GameObject\UI\Canvas</Filter>
    </ClCompile>
    <ClCompile Include="EHImageObject.cpp">
      <Filter>Contents\GameObject\UI\Image</Filter>
    </ClCompile>
    <ClCompile Include="EHObjdata.cpp">
      <Filter>Contents\Data</Filter>
    </ClCompile>
    <ClCompile Include="EHCoin.cpp">
      <Filter>Contents\GameObject\Item\Coin</Filter>
    </ClCompile>
    <ClCompile Include="EHFairy.cpp">
      <Filter>Contents\GameObject\Item\Fairy</Filter>
    </ClCompile>
    <ClCompile Include="EHWall.cpp">
      <Filter>Contents\GameObject\Structure\Wall</Filter>
    </ClCompile>
    <ClCompile Include="EHCeil.cpp">
      <Filter>Contents\GameObject\Structure\Ceil</Filter>
    </ClCompile>
    <ClCompile Include="EHDungeonManager.cpp">
      <Filter>Engine\DungeonManager</Filter>
    </ClCompile>
    <ClCompile Include="EHDetection.cpp">
      <Filter>Contents\GameObject\Detection</Filter>
    </ClCompile>
    <ClCompile Include="EHJailWarrior.cpp">
      <Filter>Contents\GameObject\Enemy\JailField\Normal\GreySkel\Warrior</Filter>
    </ClCompile>
    <ClCompile Include="EHJailDog.cpp">
      <Filter>Contents\GameObject\Enemy\JailField\Normal\SkelDog</Filter>
    </ClCompile>
    <ClCompile Include="EHGiantBat.cpp">
      <Filter>Contents\GameObject\Enemy\JailField\Normal\Bat\GianBat</Filter>
    </ClCompile>
    <ClCompile Include="EHRedGiantBat.cpp">
      <Filter>Contents\GameObject\Enemy\JailField\Normal\Bat\RedGiantBat</Filter>
    </ClCompile>
    <ClCompile Include="EHIntro.cpp">
      <Filter>Contents\GameObject\Intro</Filter>
    </ClCompile>
    <ClCompile Include="EHIceScene1.cpp">
      <Filter>Contents\Scene\4.Dungeon\2.IceField\IceField\IceField1</Filter>
    </ClCompile>
    <ClCompile Include="EHIceScene2.cpp">
      <Filter>Contents\Scene\4.Dungeon\2.IceField\IceField\IceField2</Filter>
    </ClCompile>
    <ClCompile Include="EHIceScene3.cpp">
      <Filter>Contents\Scene\4.Dungeon\2.IceField\IceField\IceField3</Filter>
    </ClCompile>
    <ClCompile Include="EHIceScene4.cpp">
      <Filter>Contents\Scene\4.Dungeon\2.IceField\IceField\IceField4</Filter>
    </ClCompile>
    <ClCompile Include="EHIceScene5.cpp">
      <Filter>Contents\Scene\4.Dungeon\2.IceField\IceField\IceField5</Filter>
    </ClCompile>
    <ClCompile Include="EHIceScene6.cpp">
      <Filter>Contents\Scene\4.Dungeon\2.IceField\IceField\IceField6</Filter>
    </ClCompile>
    <ClCompile Include="EHIceScene7.cpp">
      <Filter>Contents\Scene\4.Dungeon\2.IceField\IceField\IceField7</Filter>
    </ClCompile>
    <ClCompile Include="EHIceScene8.cpp">
      <Filter>Contents\Scene\4.Dungeon\2.IceField\IceField\IceField8</Filter>
    </ClCompile>
    <ClCompile Include="EHIceScene9.cpp">
      <Filter>Contents\Scene\4.Dungeon\2.IceField\IceField\IceField9</Filter>
    </ClCompile>
    <ClCompile Include="EHIceScene10.cpp">
      <Filter>Contents\Scene\4.Dungeon\2.IceField\IceField\IceField10</Filter>
    </ClCompile>
    <ClCompile Include="EHIceScene11.cpp">
      <Filter>Contents\Scene\4.Dungeon\2.IceField\IceField\IceField11</Filter>
    </ClCompile>
    <ClCompile Include="EHIceScene12.cpp">
      <Filter>Contents\Scene\4.Dungeon\2.IceField\IceField\IceField12</Filter>
    </ClCompile>
    <ClCompile Include="EHIceScene13.cpp">
      <Filter>Contents\Scene\4.Dungeon\2.IceField\IceField\IceField13</Filter>
    </ClCompile>
    <ClCompile Include="EHIceScene14.cpp">
      <Filter>Contents\Scene\4.Dungeon\2.IceField\IceField\IceField14</Filter>
    </ClCompile>
    <ClCompile Include="EHIceScene15.cpp">
      <Filter>Contents\Scene\4.Dungeon\2.IceField\IceField\IceField15</Filter>
    </ClCompile>
    <ClCompile Include="EHIceScene16.cpp">
      <Filter>Contents\Scene\4.Dungeon\2.IceField\IceField\IceField16</Filter>
    </ClCompile>
    <ClCompile Include="EHIceScene17.cpp">
      <Filter>Contents\Scene\4.Dungeon\2.IceField\IceField\IceField17</Filter>
    </ClCompile>
    <ClCompile Include="EHIceScene18.cpp">
      <Filter>Contents\Scene\4.Dungeon\2.IceField\IceField\IceField18</Filter>
    </ClCompile>
    <ClCompile Include="EHIceScene19.cpp">
      <Filter>Contents\Scene\4.Dungeon\2.IceField\IceField\IceField19</Filter>
    </ClCompile>
    <ClCompile Include="EHEnemy.cpp">
      <Filter>Contents\GameObject\Enemy</Filter>
    </ClCompile>
    <ClCompile Include="EHBigGrayIceSkel.cpp">
      <Filter>Contents\GameObject\Enemy\IceField\Normal\BigGrayIceSkel</Filter>
    </ClCompile>
    <ClCompile Include="EHSkelIceMagician.cpp">
      <Filter>Contents\GameObject\Enemy\IceField\Normal\SkelIceMagician</Filter>
    </ClCompile>
    <ClCompile Include="EHJailAfterBossScene.cpp">
      <Filter>Contents\Scene\4.Dungeon\1.JailFieldScene\JailAfterBossScene</Filter>
    </ClCompile>
    <ClCompile Include="EHIcePrevBossScene.cpp">
      <Filter>Contents\Scene\4.Dungeon\2.IceField\IcePrevBossScene</Filter>
    </ClCompile>
    <ClCompile Include="EHIceBossScene.cpp">
      <Filter>Contents\Scene\4.Dungeon\2.IceField\IceBossScene</Filter>
    </ClCompile>
    <ClCompile Include="EHNiflheim.cpp">
      <Filter>Contents\GameObject\Enemy\IceField\Boss</Filter>
    </ClCompile>
  </ItemGroup>
  <ItemGroup>
    <ResourceCompile Include="Client.rc">
      <Filter>Window\Resource</Filter>
    </ResourceCompile>
  </ItemGroup>
  <ItemGroup>
    <None Include="Resources\UI\cursor.cur" />
  </ItemGroup>
</Project>