<?xml version="1.0" encoding="utf-8"?>
<Project ToolsVersion="4.0" xmlns="http://schemas.microsoft.com/developer/msbuild/2003">
  <ItemGroup>
    <Filter Include="Window">
      <UniqueIdentifier>{1d5fae6f-df09-4d2a-ac49-515844d533e0}</UniqueIdentifier>
    </Filter>
    <Filter Include="Window\Resource">
      <UniqueIdentifier>{4128f5c2-838b-4e16-9ae0-f12638310efe}</UniqueIdentifier>
    </Filter>
    <Filter Include="Window\Header">
      <UniqueIdentifier>{15b3ff5b-1ab3-49ee-9aaa-9cbd9c289f0e}</UniqueIdentifier>
    </Filter>
    <Filter Include="Engine">
      <UniqueIdentifier>{a5ccad99-8b17-4a5f-b272-a2a783450027}</UniqueIdentifier>
    </Filter>
    <Filter Include="Engine\Common">
      <UniqueIdentifier>{8b433587-28e5-4de9-830d-30968f6a23c9}</UniqueIdentifier>
    </Filter>
    <Filter Include="Engine\High Level Interface">
      <UniqueIdentifier>{6638c37b-5e9c-4c8c-b902-5d53dcec92ce}</UniqueIdentifier>
    </Filter>
    <Filter Include="Engine\Input">
      <UniqueIdentifier>{78fb0fc0-c864-497e-9635-2c38f05b8458}</UniqueIdentifier>
    </Filter>
    <Filter Include="Engine\Scene">
      <UniqueIdentifier>{8729c580-f09e-41cf-a6b0-ab67dbcaabfa}</UniqueIdentifier>
    </Filter>
    <Filter Include="Engine\Common\Time">
      <UniqueIdentifier>{cfce122e-1e8f-4e4e-854f-cd3ded30d193}</UniqueIdentifier>
    </Filter>
    <Filter Include="Engine\Entity">
      <UniqueIdentifier>{dd6df946-c5e8-49b0-b014-6def96868c20}</UniqueIdentifier>
    </Filter>
    <Filter Include="Engine\Layer">
      <UniqueIdentifier>{1e03c53d-92c9-4d70-969a-7476937da996}</UniqueIdentifier>
    </Filter>
    <Filter Include="Engine\GameObject">
      <UniqueIdentifier>{77044daa-8511-4fdb-a5be-2c186167a234}</UniqueIdentifier>
    </Filter>
    <Filter Include="Engine\Component">
      <UniqueIdentifier>{71b8a121-4ea6-4c9e-8672-1dd38bd5c7be}</UniqueIdentifier>
    </Filter>
    <Filter Include="Engine\Component\Transform">
      <UniqueIdentifier>{d19343c2-bf88-49f6-94c0-257718ccec47}</UniqueIdentifier>
    </Filter>
    <Filter Include="Engine\Component\SpriteRenderer">
      <UniqueIdentifier>{11a00378-70fc-4e0a-b9f3-87fc154b6cb9}</UniqueIdentifier>
    </Filter>
    <Filter Include="Engine\Path">
      <UniqueIdentifier>{bd33a89a-57c6-49d4-9021-ccdd3f23c060}</UniqueIdentifier>
    </Filter>
    <Filter Include="Engine\SceneMgr">
      <UniqueIdentifier>{03562e1f-5875-4234-a7cb-7d0d3551a5cd}</UniqueIdentifier>
    </Filter>
    <Filter Include="Contents">
      <UniqueIdentifier>{caac201b-4f4b-48f6-8e79-5173c8766f7b}</UniqueIdentifier>
    </Filter>
    <Filter Include="Contents\GameObject">
      <UniqueIdentifier>{4231ac59-7de2-4126-b0a4-68c4ec74de8f}</UniqueIdentifier>
    </Filter>
    <Filter Include="Contents\Scene">
      <UniqueIdentifier>{4263561a-764f-4ee6-880e-d86afe702b29}</UniqueIdentifier>
    </Filter>
    <Filter Include="Contents\Scene\2.SelectScene">
      <UniqueIdentifier>{7d96f964-59a2-4c77-9b2f-a8c60941b9ec}</UniqueIdentifier>
    </Filter>
    <Filter Include="Contents\Scene\1.TitleScene">
      <UniqueIdentifier>{43a61920-42c1-41b3-81b7-c03411e47e05}</UniqueIdentifier>
    </Filter>
    <Filter Include="Contents\Scene\3.TownScene">
      <UniqueIdentifier>{7b302741-5e19-4937-8125-9b1bc60afa59}</UniqueIdentifier>
    </Filter>
    <Filter Include="Contents\GameObject\Image">
      <UniqueIdentifier>{ea2b4011-bb82-4d74-93ef-d2ede5894ef4}</UniqueIdentifier>
    </Filter>
  </ItemGroup>
  <ItemGroup>
    <ClInclude Include="Client.h">
      <Filter>Window\Header</Filter>
    </ClInclude>
    <ClInclude Include="framework.h">
      <Filter>Window\Header</Filter>
    </ClInclude>
    <ClInclude Include="Resource.h">
      <Filter>Window\Header</Filter>
    </ClInclude>
    <ClInclude Include="targetver.h">
      <Filter>Window\Header</Filter>
    </ClInclude>
    <ClInclude Include="Commoninclude.h">
      <Filter>Engine\Common</Filter>
    </ClInclude>
    <ClInclude Include="EHMath.h">
      <Filter>Engine\Common</Filter>
    </ClInclude>
    <ClInclude Include="EHApplication.h">
      <Filter>Engine\High Level Interface</Filter>
    </ClInclude>
    <ClInclude Include="EHInput.h">
      <Filter>Engine\Input</Filter>
    </ClInclude>
    <ClInclude Include="EHTime.h">
      <Filter>Engine\Common\Time</Filter>
    </ClInclude>
    <ClInclude Include="EHScene.h">
      <Filter>Engine\Scene</Filter>
    </ClInclude>
    <ClInclude Include="EHEntity.h">
      <Filter>Engine\Entity</Filter>
    </ClInclude>
    <ClInclude Include="EHLayer.h">
      <Filter>Engine\Layer</Filter>
    </ClInclude>
    <ClInclude Include="EHGameObject.h">
      <Filter>Engine\GameObject</Filter>
    </ClInclude>
    <ClInclude Include="EHComponent.h">
      <Filter>Engine\Component</Filter>
    </ClInclude>
    <ClInclude Include="EHTransform.h">
      <Filter>Engine\Component\Transform</Filter>
    </ClInclude>
    <ClInclude Include="EHSpriteRenderer.h">
      <Filter>Engine\Component\SpriteRenderer</Filter>
    </ClInclude>
    <ClInclude Include="EHPath.h">
      <Filter>Engine\Path</Filter>
    </ClInclude>
    <ClInclude Include="EHObject.h">
      <Filter>Engine\GameObject</Filter>
    </ClInclude>
    <ClInclude Include="EHSceneManager.h">
      <Filter>Engine\SceneMgr</Filter>
    </ClInclude>
    <ClInclude Include="EHTitleScene.h">
      <Filter>Contents\Scene\1.TitleScene</Filter>
    </ClInclude>
    <ClInclude Include="EHImage.h">
      <Filter>Contents\GameObject\Image</Filter>
    </ClInclude>
    <ClInclude Include="EHSelectScene.h">
      <Filter>Contents\Scene\2.SelectScene</Filter>
    </ClInclude>
    <ClInclude Include="EHTownScene.h">
      <Filter>Contents\Scene\3.TownScene</Filter>
    </ClInclude>
  </ItemGroup>
  <ItemGroup>
    <Image Include="Client.ico">
      <Filter>Window\Resource</Filter>
    </Image>
    <Image Include="small.ico">
      <Filter>Window\Resource</Filter>
    </Image>
    <Image Include="Game_Icon.ico" />
  </ItemGroup>
  <ItemGroup>
    <ClCompile Include="Client.cpp" />
    <ClCompile Include="EHApplication.cpp">
      <Filter>Engine\High Level Interface</Filter>
    </ClCompile>
    <ClCompile Include="EHInput.cpp">
      <Filter>Engine\Input</Filter>
    </ClCompile>
    <ClCompile Include="EHTime.cpp">
      <Filter>Engine\Common\Time</Filter>
    </ClCompile>
    <ClCompile Include="EHScene.cpp">
      <Filter>Engine\Scene</Filter>
    </ClCompile>
    <ClCompile Include="EHEntity.cpp">
      <Filter>Engine\Entity</Filter>
    </ClCompile>
    <ClCompile Include="EHLayer.cpp">
      <Filter>Engine\Layer</Filter>
    </ClCompile>
    <ClCompile Include="EHGameObject.cpp">
      <Filter>Engine\GameObject</Filter>
    </ClCompile>
    <ClCompile Include="EHComponent.cpp">
      <Filter>Engine\Component</Filter>
    </ClCompile>
    <ClCompile Include="EHTransform.cpp">
      <Filter>Engine\Component\Transform</Filter>
    </ClCompile>
    <ClCompile Include="EHSpriteRenderer.cpp">
      <Filter>Engine\Component\SpriteRenderer</Filter>
    </ClCompile>
    <ClCompile Include="EHPath.cpp">
      <Filter>Engine\Path</Filter>
    </ClCompile>
    <ClCompile Include="EHSceneManager.cpp">
      <Filter>Engine\SceneMgr</Filter>
    </ClCompile>
    <ClCompile Include="EHTitleScene.cpp">
      <Filter>Contents\Scene\1.TitleScene</Filter>
    </ClCompile>
    <ClCompile Include="EHImage.cpp">
      <Filter>Contents\GameObject\Image</Filter>
    </ClCompile>
    <ClCompile Include="EHSelectScene.cpp">
      <Filter>Contents\Scene\2.SelectScene</Filter>
    </ClCompile>
    <ClCompile Include="EHTownScene.cpp">
      <Filter>Contents\Scene\3.TownScene</Filter>
    </ClCompile>
  </ItemGroup>
  <ItemGroup>
    <ResourceCompile Include="Client.rc">
      <Filter>Window\Resource</Filter>
    </ResourceCompile>
  </ItemGroup>
  <ItemGroup>
    <None Include="Resources\UI\cursor.cur" />
  </ItemGroup>
</Project>